
Microsoft Visual Studio Solution File, Format Version 12.00
# Visual Studio Version 16
VisualStudioVersion = 16.0.31129.286
MinimumVisualStudioVersion = 10.0.40219.1
Project("{FAE04EC0-301F-11D3-BF4B-00C04F79EFBC}") = "Masra Group", "Masra Group\Masra Group.csproj", "{13C8303E-25D1-4425-BA5F-CBE59A0BCC94}"
EndProject
Global
	GlobalSection(SolutionConfigurationPlatforms) = preSolution
		Debug|Any CPU = Debug|Any CPU
		Release|Any CPU = Release|Any CPU
	EndGlobalSection
	GlobalSection(ProjectConfigurationPlatforms) = postSolution
		{13C8303E-25D1-4425-BA5F-CBE59A0BCC94}.Debug|Any CPU.ActiveCfg = Debug|Any CPU
		{13C8303E-25D1-4425-BA5F-CBE59A0BCC94}.Debug|Any CPU.Build.0 = Debug|Any CPU
		{13C8303E-25D1-4425-BA5F-CBE59A0BCC94}.Release|Any CPU.ActiveCfg = Release|Any CPU
		{13C8303E-25D1-4425-BA5F-CBE59A0BCC94}.Release|Any CPU.Build.0 = Release|Any CPU
	EndGlobalSection
	GlobalSection(SolutionProperties) = preSolution
		HideSolutionNode = FALSE
	EndGlobalSection
	GlobalSection(ExtensibilityGlobals) = postSolution
		SolutionGuid = {48E7BC57-D2FC-479A-8AA9-1502A62208A1}
	EndGlobalSection
EndGlobal
